// !$*UTF8*$!
{
	archiveVersion = 1;
	classes = {
	};
	objectVersion = 51;
	objects = {

/* Begin PBXBuildFile section */
		18934242DF3C58707A69B0DF /* Pods_Game_Catalogue.framework in Frameworks */ = {isa = PBXBuildFile; fileRef = 3E49DC42F2763B5D2511BD6F /* Pods_Game_Catalogue.framework */; };
		C01AA4AA24BB0747008A3801 /* ImageDetailItemCell.swift in Sources */ = {isa = PBXBuildFile; fileRef = C01AA4A824BB0747008A3801 /* ImageDetailItemCell.swift */; };
		C01AA4AB24BB0747008A3801 /* ImageDetailItemCell.xib in Resources */ = {isa = PBXBuildFile; fileRef = C01AA4A924BB0747008A3801 /* ImageDetailItemCell.xib */; };
		C01AA4AD24BB1616008A3801 /* ShortScreenshot.swift in Sources */ = {isa = PBXBuildFile; fileRef = C01AA4AC24BB1616008A3801 /* ShortScreenshot.swift */; };
		C01AA4AF24BB162D008A3801 /* Clip.swift in Sources */ = {isa = PBXBuildFile; fileRef = C01AA4AE24BB162D008A3801 /* Clip.swift */; };
		C040167124B1C5DB0012AC81 /* MainTableViewCell.swift in Sources */ = {isa = PBXBuildFile; fileRef = C040166F24B1C5DB0012AC81 /* MainTableViewCell.swift */; };
		C040167224B1C5DB0012AC81 /* MainTableViewCell.xib in Resources */ = {isa = PBXBuildFile; fileRef = C040167024B1C5DB0012AC81 /* MainTableViewCell.xib */; };
		C040167424B1D3520012AC81 /* Games.swift in Sources */ = {isa = PBXBuildFile; fileRef = C040167324B1D3520012AC81 /* Games.swift */; };
		C040167624B1D4F80012AC81 /* Game.swift in Sources */ = {isa = PBXBuildFile; fileRef = C040167524B1D4F80012AC81 /* Game.swift */; };
		C040167924B1D8DD0012AC81 /* Helper.swift in Sources */ = {isa = PBXBuildFile; fileRef = C040167824B1D8DD0012AC81 /* Helper.swift */; };
		C060FE3F24C3589600DF5B6C /* GameModel.swift in Sources */ = {isa = PBXBuildFile; fileRef = C060FE3E24C3589600DF5B6C /* GameModel.swift */; };
		C060FE4124C361CE00DF5B6C /* GameDetail.swift in Sources */ = {isa = PBXBuildFile; fileRef = C060FE4024C361CE00DF5B6C /* GameDetail.swift */; };
		C0612B7224B0FD670066F0B3 /* AppDelegate.swift in Sources */ = {isa = PBXBuildFile; fileRef = C0612B7124B0FD670066F0B3 /* AppDelegate.swift */; };
		C0612B7424B0FD670066F0B3 /* SceneDelegate.swift in Sources */ = {isa = PBXBuildFile; fileRef = C0612B7324B0FD670066F0B3 /* SceneDelegate.swift */; };
		C0612B7624B0FD670066F0B3 /* ViewController.swift in Sources */ = {isa = PBXBuildFile; fileRef = C0612B7524B0FD670066F0B3 /* ViewController.swift */; };
		C0612B7924B0FD670066F0B3 /* Main.storyboard in Resources */ = {isa = PBXBuildFile; fileRef = C0612B7724B0FD670066F0B3 /* Main.storyboard */; };
		C0612B7B24B0FD690066F0B3 /* Assets.xcassets in Resources */ = {isa = PBXBuildFile; fileRef = C0612B7A24B0FD690066F0B3 /* Assets.xcassets */; };
		C0612B7E24B0FD690066F0B3 /* LaunchScreen.storyboard in Resources */ = {isa = PBXBuildFile; fileRef = C0612B7C24B0FD690066F0B3 /* LaunchScreen.storyboard */; };
		C0612B8924B0FD690066F0B3 /* Game_CatalogueTests.swift in Sources */ = {isa = PBXBuildFile; fileRef = C0612B8824B0FD690066F0B3 /* Game_CatalogueTests.swift */; };
		C0612B9424B0FD690066F0B3 /* Game_CatalogueUITests.swift in Sources */ = {isa = PBXBuildFile; fileRef = C0612B9324B0FD690066F0B3 /* Game_CatalogueUITests.swift */; };
		C06C97DE24CD79610025C8DE /* FavoriteGame.xcdatamodel in Sources */ = {isa = PBXBuildFile; fileRef = C06C97DD24CD79600025C8DE /* FavoriteGame.xcdatamodel */; };
		C086446424B99ACF0067CDA4 /* PlatformGame.swift in Sources */ = {isa = PBXBuildFile; fileRef = C086446324B99ACF0067CDA4 /* PlatformGame.swift */; };
		C086446824BA2B490067CDA4 /* DetailViewController.swift in Sources */ = {isa = PBXBuildFile; fileRef = C086446724BA2B490067CDA4 /* DetailViewController.swift */; };
		C086446A24BA2B6E0067CDA4 /* DetailViewController.xib in Resources */ = {isa = PBXBuildFile; fileRef = C086446924BA2B6E0067CDA4 /* DetailViewController.xib */; };
		C08D1E8024CC85C90079A0F9 /* FavoriteGameProvider.swift in Sources */ = {isa = PBXBuildFile; fileRef = C08D1E7F24CC85C90079A0F9 /* FavoriteGameProvider.swift */; };
		C08D1E8224CC9A7D0079A0F9 /* FavListController.swift in Sources */ = {isa = PBXBuildFile; fileRef = C08D1E8124CC9A7D0079A0F9 /* FavListController.swift */; };
		C0DAF363254D764E00EDE1C7 /* .swiftlint.yml in Resources */ = {isa = PBXBuildFile; fileRef = C0DAF362254D764E00EDE1C7 /* .swiftlint.yml */; };
/* End PBXBuildFile section */

/* Begin PBXContainerItemProxy section */
		C0612B8524B0FD690066F0B3 /* PBXContainerItemProxy */ = {
			isa = PBXContainerItemProxy;
			containerPortal = C0612B6624B0FD670066F0B3 /* Project object */;
			proxyType = 1;
			remoteGlobalIDString = C0612B6D24B0FD670066F0B3;
			remoteInfo = "Game Catalogue";
		};
		C0612B9024B0FD690066F0B3 /* PBXContainerItemProxy */ = {
			isa = PBXContainerItemProxy;
			containerPortal = C0612B6624B0FD670066F0B3 /* Project object */;
			proxyType = 1;
			remoteGlobalIDString = C0612B6D24B0FD670066F0B3;
			remoteInfo = "Game Catalogue";
		};
/* End PBXContainerItemProxy section */

/* Begin PBXFileReference section */
		3E49DC42F2763B5D2511BD6F /* Pods_Game_Catalogue.framework */ = {isa = PBXFileReference; explicitFileType = wrapper.framework; includeInIndex = 0; path = Pods_Game_Catalogue.framework; sourceTree = BUILT_PRODUCTS_DIR; };
		7031A0B1AE9F71CAF66AB7C0 /* Pods-Game Catalogue.debug.xcconfig */ = {isa = PBXFileReference; includeInIndex = 1; lastKnownFileType = text.xcconfig; name = "Pods-Game Catalogue.debug.xcconfig"; path = "Target Support Files/Pods-Game Catalogue/Pods-Game Catalogue.debug.xcconfig"; sourceTree = "<group>"; };
		722B5B3C17146DB4B88B405D /* Pods-Game Catalogue.release.xcconfig */ = {isa = PBXFileReference; includeInIndex = 1; lastKnownFileType = text.xcconfig; name = "Pods-Game Catalogue.release.xcconfig"; path = "Target Support Files/Pods-Game Catalogue/Pods-Game Catalogue.release.xcconfig"; sourceTree = "<group>"; };
		C01AA4A824BB0747008A3801 /* ImageDetailItemCell.swift */ = {isa = PBXFileReference; lastKnownFileType = sourcecode.swift; path = ImageDetailItemCell.swift; sourceTree = "<group>"; };
		C01AA4A924BB0747008A3801 /* ImageDetailItemCell.xib */ = {isa = PBXFileReference; lastKnownFileType = file.xib; path = ImageDetailItemCell.xib; sourceTree = "<group>"; };
		C01AA4AC24BB1616008A3801 /* ShortScreenshot.swift */ = {isa = PBXFileReference; lastKnownFileType = sourcecode.swift; path = ShortScreenshot.swift; sourceTree = "<group>"; };
		C01AA4AE24BB162D008A3801 /* Clip.swift */ = {isa = PBXFileReference; lastKnownFileType = sourcecode.swift; path = Clip.swift; sourceTree = "<group>"; };
		C040166F24B1C5DB0012AC81 /* MainTableViewCell.swift */ = {isa = PBXFileReference; lastKnownFileType = sourcecode.swift; path = MainTableViewCell.swift; sourceTree = "<group>"; };
		C040167024B1C5DB0012AC81 /* MainTableViewCell.xib */ = {isa = PBXFileReference; lastKnownFileType = file.xib; path = MainTableViewCell.xib; sourceTree = "<group>"; };
		C040167324B1D3520012AC81 /* Games.swift */ = {isa = PBXFileReference; lastKnownFileType = sourcecode.swift; path = Games.swift; sourceTree = "<group>"; };
		C040167524B1D4F80012AC81 /* Game.swift */ = {isa = PBXFileReference; lastKnownFileType = sourcecode.swift; path = Game.swift; sourceTree = "<group>"; };
		C040167824B1D8DD0012AC81 /* Helper.swift */ = {isa = PBXFileReference; lastKnownFileType = sourcecode.swift; path = Helper.swift; sourceTree = "<group>"; };
		C060FE3E24C3589600DF5B6C /* GameModel.swift */ = {isa = PBXFileReference; lastKnownFileType = sourcecode.swift; path = GameModel.swift; sourceTree = "<group>"; };
		C060FE4024C361CE00DF5B6C /* GameDetail.swift */ = {isa = PBXFileReference; lastKnownFileType = sourcecode.swift; path = GameDetail.swift; sourceTree = "<group>"; };
		C0612B6E24B0FD670066F0B3 /* Game Catalogue.app */ = {isa = PBXFileReference; explicitFileType = wrapper.application; includeInIndex = 0; path = "Game Catalogue.app"; sourceTree = BUILT_PRODUCTS_DIR; };
		C0612B7124B0FD670066F0B3 /* AppDelegate.swift */ = {isa = PBXFileReference; lastKnownFileType = sourcecode.swift; path = AppDelegate.swift; sourceTree = "<group>"; };
		C0612B7324B0FD670066F0B3 /* SceneDelegate.swift */ = {isa = PBXFileReference; lastKnownFileType = sourcecode.swift; path = SceneDelegate.swift; sourceTree = "<group>"; };
		C0612B7524B0FD670066F0B3 /* ViewController.swift */ = {isa = PBXFileReference; lastKnownFileType = sourcecode.swift; path = ViewController.swift; sourceTree = "<group>"; };
		C0612B7824B0FD670066F0B3 /* Base */ = {isa = PBXFileReference; lastKnownFileType = file.storyboard; name = Base; path = Base.lproj/Main.storyboard; sourceTree = "<group>"; };
		C0612B7A24B0FD690066F0B3 /* Assets.xcassets */ = {isa = PBXFileReference; lastKnownFileType = folder.assetcatalog; path = Assets.xcassets; sourceTree = "<group>"; };
		C0612B7D24B0FD690066F0B3 /* Base */ = {isa = PBXFileReference; lastKnownFileType = file.storyboard; name = Base; path = Base.lproj/LaunchScreen.storyboard; sourceTree = "<group>"; };
		C0612B7F24B0FD690066F0B3 /* Info.plist */ = {isa = PBXFileReference; lastKnownFileType = text.plist.xml; path = Info.plist; sourceTree = "<group>"; };
		C0612B8424B0FD690066F0B3 /* Game CatalogueTests.xctest */ = {isa = PBXFileReference; explicitFileType = wrapper.cfbundle; includeInIndex = 0; path = "Game CatalogueTests.xctest"; sourceTree = BUILT_PRODUCTS_DIR; };
		C0612B8824B0FD690066F0B3 /* Game_CatalogueTests.swift */ = {isa = PBXFileReference; lastKnownFileType = sourcecode.swift; path = Game_CatalogueTests.swift; sourceTree = "<group>"; };
		C0612B8A24B0FD690066F0B3 /* Info.plist */ = {isa = PBXFileReference; lastKnownFileType = text.plist.xml; path = Info.plist; sourceTree = "<group>"; };
		C0612B8F24B0FD690066F0B3 /* Game CatalogueUITests.xctest */ = {isa = PBXFileReference; explicitFileType = wrapper.cfbundle; includeInIndex = 0; path = "Game CatalogueUITests.xctest"; sourceTree = BUILT_PRODUCTS_DIR; };
		C0612B9324B0FD690066F0B3 /* Game_CatalogueUITests.swift */ = {isa = PBXFileReference; lastKnownFileType = sourcecode.swift; path = Game_CatalogueUITests.swift; sourceTree = "<group>"; };
		C0612B9524B0FD690066F0B3 /* Info.plist */ = {isa = PBXFileReference; lastKnownFileType = text.plist.xml; path = Info.plist; sourceTree = "<group>"; };
		C06C97DD24CD79600025C8DE /* FavoriteGame.xcdatamodel */ = {isa = PBXFileReference; lastKnownFileType = wrapper.xcdatamodel; name = FavoriteGame.xcdatamodel; path = FavoriteGame.xcdatamodeld/FavoriteGame.xcdatamodel; sourceTree = "<group>"; };
		C086446324B99ACF0067CDA4 /* PlatformGame.swift */ = {isa = PBXFileReference; lastKnownFileType = sourcecode.swift; path = PlatformGame.swift; sourceTree = "<group>"; };
		C086446724BA2B490067CDA4 /* DetailViewController.swift */ = {isa = PBXFileReference; lastKnownFileType = sourcecode.swift; path = DetailViewController.swift; sourceTree = "<group>"; };
		C086446924BA2B6E0067CDA4 /* DetailViewController.xib */ = {isa = PBXFileReference; lastKnownFileType = file.xib; path = DetailViewController.xib; sourceTree = "<group>"; };
		C08D1E7F24CC85C90079A0F9 /* FavoriteGameProvider.swift */ = {isa = PBXFileReference; lastKnownFileType = sourcecode.swift; path = FavoriteGameProvider.swift; sourceTree = "<group>"; };
		C08D1E8124CC9A7D0079A0F9 /* FavListController.swift */ = {isa = PBXFileReference; lastKnownFileType = sourcecode.swift; path = FavListController.swift; sourceTree = "<group>"; };
		C0DAF362254D764E00EDE1C7 /* .swiftlint.yml */ = {isa = PBXFileReference; lastKnownFileType = text.yaml; path = .swiftlint.yml; sourceTree = "<group>"; };
/* End PBXFileReference section */

/* Begin PBXFrameworksBuildPhase section */
		C0612B6B24B0FD670066F0B3 /* Frameworks */ = {
			isa = PBXFrameworksBuildPhase;
			buildActionMask = 2147483647;
			files = (
				18934242DF3C58707A69B0DF /* Pods_Game_Catalogue.framework in Frameworks */,
			);
			runOnlyForDeploymentPostprocessing = 0;
		};
		C0612B8124B0FD690066F0B3 /* Frameworks */ = {
			isa = PBXFrameworksBuildPhase;
			buildActionMask = 2147483647;
			files = (
			);
			runOnlyForDeploymentPostprocessing = 0;
		};
		C0612B8C24B0FD690066F0B3 /* Frameworks */ = {
			isa = PBXFrameworksBuildPhase;
			buildActionMask = 2147483647;
			files = (
			);
			runOnlyForDeploymentPostprocessing = 0;
		};
/* End PBXFrameworksBuildPhase section */

/* Begin PBXGroup section */
		01661E9FC0369EA1F3F4A7F6 /* Pods */ = {
			isa = PBXGroup;
			children = (
				7031A0B1AE9F71CAF66AB7C0 /* Pods-Game Catalogue.debug.xcconfig */,
				722B5B3C17146DB4B88B405D /* Pods-Game Catalogue.release.xcconfig */,
			);
			path = Pods;
			sourceTree = "<group>";
		};
		797E68576F126CE210B1F830 /* Frameworks */ = {
			isa = PBXGroup;
			children = (
				3E49DC42F2763B5D2511BD6F /* Pods_Game_Catalogue.framework */,
			);
			name = Frameworks;
			sourceTree = "<group>";
		};
		C040167724B1D8D00012AC81 /* Util */ = {
			isa = PBXGroup;
			children = (
				C040167824B1D8DD0012AC81 /* Helper.swift */,
			);
			path = Util;
			sourceTree = "<group>";
		};
		C0612B6524B0FD670066F0B3 = {
			isa = PBXGroup;
			children = (
				C0DAF362254D764E00EDE1C7 /* .swiftlint.yml */,
				C0612B7024B0FD670066F0B3 /* Game Catalogue */,
				C0612B8724B0FD690066F0B3 /* Game CatalogueTests */,
				C0612B9224B0FD690066F0B3 /* Game CatalogueUITests */,
				C0612B6F24B0FD670066F0B3 /* Products */,
				01661E9FC0369EA1F3F4A7F6 /* Pods */,
				797E68576F126CE210B1F830 /* Frameworks */,
			);
			sourceTree = "<group>";
		};
		C0612B6F24B0FD670066F0B3 /* Products */ = {
			isa = PBXGroup;
			children = (
				C0612B6E24B0FD670066F0B3 /* Game Catalogue.app */,
				C0612B8424B0FD690066F0B3 /* Game CatalogueTests.xctest */,
				C0612B8F24B0FD690066F0B3 /* Game CatalogueUITests.xctest */,
			);
			name = Products;
			sourceTree = "<group>";
		};
		C0612B7024B0FD670066F0B3 /* Game Catalogue */ = {
			isa = PBXGroup;
			children = (
				C0612BA124B0FDA90066F0B3 /* Base */,
				C0612BA224B0FDD10066F0B3 /* Controller */,
				C0612BA324B0FDF00066F0B3 /* Model */,
				C0612BA424B0FDF50066F0B3 /* View */,
				C040167724B1D8D00012AC81 /* Util */,
				C0612B7A24B0FD690066F0B3 /* Assets.xcassets */,
				C0612B7F24B0FD690066F0B3 /* Info.plist */,
				C0612B7C24B0FD690066F0B3 /* LaunchScreen.storyboard */,
			);
			path = "Game Catalogue";
			sourceTree = "<group>";
		};
		C0612B8724B0FD690066F0B3 /* Game CatalogueTests */ = {
			isa = PBXGroup;
			children = (
				C0612B8824B0FD690066F0B3 /* Game_CatalogueTests.swift */,
				C0612B8A24B0FD690066F0B3 /* Info.plist */,
			);
			path = "Game CatalogueTests";
			sourceTree = "<group>";
		};
		C0612B9224B0FD690066F0B3 /* Game CatalogueUITests */ = {
			isa = PBXGroup;
			children = (
				C0612B9324B0FD690066F0B3 /* Game_CatalogueUITests.swift */,
				C0612B9524B0FD690066F0B3 /* Info.plist */,
			);
			path = "Game CatalogueUITests";
			sourceTree = "<group>";
		};
		C0612BA124B0FDA90066F0B3 /* Base */ = {
			isa = PBXGroup;
			children = (
				C0612B7124B0FD670066F0B3 /* AppDelegate.swift */,
				C0612B7324B0FD670066F0B3 /* SceneDelegate.swift */,
			);
			path = Base;
			sourceTree = "<group>";
		};
		C0612BA224B0FDD10066F0B3 /* Controller */ = {
			isa = PBXGroup;
			children = (
				C040166F24B1C5DB0012AC81 /* MainTableViewCell.swift */,
				C0612B7524B0FD670066F0B3 /* ViewController.swift */,
				C086446724BA2B490067CDA4 /* DetailViewController.swift */,
				C01AA4A824BB0747008A3801 /* ImageDetailItemCell.swift */,
				C08D1E8124CC9A7D0079A0F9 /* FavListController.swift */,
			);
			path = Controller;
			sourceTree = "<group>";
		};
		C0612BA324B0FDF00066F0B3 /* Model */ = {
			isa = PBXGroup;
			children = (
				C040167324B1D3520012AC81 /* Games.swift */,
				C040167524B1D4F80012AC81 /* Game.swift */,
				C086446324B99ACF0067CDA4 /* PlatformGame.swift */,
				C01AA4AC24BB1616008A3801 /* ShortScreenshot.swift */,
				C01AA4AE24BB162D008A3801 /* Clip.swift */,
				C060FE3E24C3589600DF5B6C /* GameModel.swift */,
				C060FE4024C361CE00DF5B6C /* GameDetail.swift */,
				C06C97DD24CD79600025C8DE /* FavoriteGame.xcdatamodel */,
				C08D1E7F24CC85C90079A0F9 /* FavoriteGameProvider.swift */,
			);
			path = Model;
			sourceTree = "<group>";
		};
		C0612BA424B0FDF50066F0B3 /* View */ = {
			isa = PBXGroup;
			children = (
				C0612B7724B0FD670066F0B3 /* Main.storyboard */,
				C040167024B1C5DB0012AC81 /* MainTableViewCell.xib */,
				C086446924BA2B6E0067CDA4 /* DetailViewController.xib */,
				C01AA4A924BB0747008A3801 /* ImageDetailItemCell.xib */,
			);
			path = View;
			sourceTree = "<group>";
		};
/* End PBXGroup section */

/* Begin PBXNativeTarget section */
		C0612B6D24B0FD670066F0B3 /* Game Catalogue */ = {
			isa = PBXNativeTarget;
			buildConfigurationList = C0612B9824B0FD690066F0B3 /* Build configuration list for PBXNativeTarget "Game Catalogue" */;
			buildPhases = (
				1E46EC856A80785D4897182A /* [CP] Check Pods Manifest.lock */,
				C0612B6A24B0FD670066F0B3 /* Sources */,
				C0612B6B24B0FD670066F0B3 /* Frameworks */,
				C0612B6C24B0FD670066F0B3 /* Resources */,
				9F974841C9CB191A82C31A62 /* [CP] Embed Pods Frameworks */,
				C038B3EA254D605B0036B35A /* ShellScript */,
			);
			buildRules = (
			);
			dependencies = (
			);
			name = "Game Catalogue";
			productName = "Game Catalogue";
			productReference = C0612B6E24B0FD670066F0B3 /* Game Catalogue.app */;
			productType = "com.apple.product-type.application";
		};
		C0612B8324B0FD690066F0B3 /* Game CatalogueTests */ = {
			isa = PBXNativeTarget;
			buildConfigurationList = C0612B9B24B0FD690066F0B3 /* Build configuration list for PBXNativeTarget "Game CatalogueTests" */;
			buildPhases = (
				C0612B8024B0FD690066F0B3 /* Sources */,
				C0612B8124B0FD690066F0B3 /* Frameworks */,
				C0612B8224B0FD690066F0B3 /* Resources */,
			);
			buildRules = (
			);
			dependencies = (
				C0612B8624B0FD690066F0B3 /* PBXTargetDependency */,
			);
			name = "Game CatalogueTests";
			productName = "Game CatalogueTests";
			productReference = C0612B8424B0FD690066F0B3 /* Game CatalogueTests.xctest */;
			productType = "com.apple.product-type.bundle.unit-test";
		};
		C0612B8E24B0FD690066F0B3 /* Game CatalogueUITests */ = {
			isa = PBXNativeTarget;
			buildConfigurationList = C0612B9E24B0FD690066F0B3 /* Build configuration list for PBXNativeTarget "Game CatalogueUITests" */;
			buildPhases = (
				C0612B8B24B0FD690066F0B3 /* Sources */,
				C0612B8C24B0FD690066F0B3 /* Frameworks */,
				C0612B8D24B0FD690066F0B3 /* Resources */,
			);
			buildRules = (
			);
			dependencies = (
				C0612B9124B0FD690066F0B3 /* PBXTargetDependency */,
			);
			name = "Game CatalogueUITests";
			productName = "Game CatalogueUITests";
			productReference = C0612B8F24B0FD690066F0B3 /* Game CatalogueUITests.xctest */;
			productType = "com.apple.product-type.bundle.ui-testing";
		};
/* End PBXNativeTarget section */

/* Begin PBXProject section */
		C0612B6624B0FD670066F0B3 /* Project object */ = {
			isa = PBXProject;
			attributes = {
				LastSwiftUpdateCheck = 1150;
				LastUpgradeCheck = 1150;
				ORGANIZATIONNAME = "Miky Technology";
				TargetAttributes = {
					C0612B6D24B0FD670066F0B3 = {
						CreatedOnToolsVersion = 11.5;
					};
					C0612B8324B0FD690066F0B3 = {
						CreatedOnToolsVersion = 11.5;
						TestTargetID = C0612B6D24B0FD670066F0B3;
					};
					C0612B8E24B0FD690066F0B3 = {
						CreatedOnToolsVersion = 11.5;
						TestTargetID = C0612B6D24B0FD670066F0B3;
					};
				};
			};
			buildConfigurationList = C0612B6924B0FD670066F0B3 /* Build configuration list for PBXProject "Game Catalogue" */;
			compatibilityVersion = "Xcode 9.3";
			developmentRegion = en;
			hasScannedForEncodings = 0;
			knownRegions = (
				en,
				Base,
			);
			mainGroup = C0612B6524B0FD670066F0B3;
			productRefGroup = C0612B6F24B0FD670066F0B3 /* Products */;
			projectDirPath = "";
			projectRoot = "";
			targets = (
				C0612B6D24B0FD670066F0B3 /* Game Catalogue */,
				C0612B8324B0FD690066F0B3 /* Game CatalogueTests */,
				C0612B8E24B0FD690066F0B3 /* Game CatalogueUITests */,
			);
		};
/* End PBXProject section */

/* Begin PBXResourcesBuildPhase section */
		C0612B6C24B0FD670066F0B3 /* Resources */ = {
			isa = PBXResourcesBuildPhase;
			buildActionMask = 2147483647;
			files = (
				C0612B7E24B0FD690066F0B3 /* LaunchScreen.storyboard in Resources */,
				C0612B7B24B0FD690066F0B3 /* Assets.xcassets in Resources */,
				C086446A24BA2B6E0067CDA4 /* DetailViewController.xib in Resources */,
				C0DAF363254D764E00EDE1C7 /* .swiftlint.yml in Resources */,
				C040167224B1C5DB0012AC81 /* MainTableViewCell.xib in Resources */,
				C0612B7924B0FD670066F0B3 /* Main.storyboard in Resources */,
				C01AA4AB24BB0747008A3801 /* ImageDetailItemCell.xib in Resources */,
			);
			runOnlyForDeploymentPostprocessing = 0;
		};
		C0612B8224B0FD690066F0B3 /* Resources */ = {
			isa = PBXResourcesBuildPhase;
			buildActionMask = 2147483647;
			files = (
			);
			runOnlyForDeploymentPostprocessing = 0;
		};
		C0612B8D24B0FD690066F0B3 /* Resources */ = {
			isa = PBXResourcesBuildPhase;
			buildActionMask = 2147483647;
			files = (
			);
			runOnlyForDeploymentPostprocessing = 0;
		};
/* End PBXResourcesBuildPhase section */

/* Begin PBXShellScriptBuildPhase section */
		1E46EC856A80785D4897182A /* [CP] Check Pods Manifest.lock */ = {
			isa = PBXShellScriptBuildPhase;
			buildActionMask = 2147483647;
			files = (
			);
			inputFileListPaths = (
			);
			inputPaths = (
				"${PODS_PODFILE_DIR_PATH}/Podfile.lock",
				"${PODS_ROOT}/Manifest.lock",
			);
			name = "[CP] Check Pods Manifest.lock";
			outputFileListPaths = (
			);
			outputPaths = (
				"$(DERIVED_FILE_DIR)/Pods-Game Catalogue-checkManifestLockResult.txt",
			);
			runOnlyForDeploymentPostprocessing = 0;
			shellPath = /bin/sh;
			shellScript = "diff \"${PODS_PODFILE_DIR_PATH}/Podfile.lock\" \"${PODS_ROOT}/Manifest.lock\" > /dev/null\nif [ $? != 0 ] ; then\n    # print error to STDERR\n    echo \"error: The sandbox is not in sync with the Podfile.lock. Run 'pod install' or update your CocoaPods installation.\" >&2\n    exit 1\nfi\n# This output is used by Xcode 'outputs' to avoid re-running this script phase.\necho \"SUCCESS\" > \"${SCRIPT_OUTPUT_FILE_0}\"\n";
			showEnvVarsInLog = 0;
		};
		9F974841C9CB191A82C31A62 /* [CP] Embed Pods Frameworks */ = {
			isa = PBXShellScriptBuildPhase;
			buildActionMask = 2147483647;
			files = (
			);
			inputFileListPaths = (
				"${PODS_ROOT}/Target Support Files/Pods-Game Catalogue/Pods-Game Catalogue-frameworks-${CONFIGURATION}-input-files.xcfilelist",
			);
			name = "[CP] Embed Pods Frameworks";
			outputFileListPaths = (
				"${PODS_ROOT}/Target Support Files/Pods-Game Catalogue/Pods-Game Catalogue-frameworks-${CONFIGURATION}-output-files.xcfilelist",
			);
			runOnlyForDeploymentPostprocessing = 0;
			shellPath = /bin/sh;
			shellScript = "\"${PODS_ROOT}/Target Support Files/Pods-Game Catalogue/Pods-Game Catalogue-frameworks.sh\"\n";
			showEnvVarsInLog = 0;
		};
		C038B3EA254D605B0036B35A /* ShellScript */ = {
			isa = PBXShellScriptBuildPhase;
			buildActionMask = 2147483647;
			files = (
			);
			inputFileListPaths = (
			);
			inputPaths = (
			);
			outputFileListPaths = (
			);
			outputPaths = (
			);
			runOnlyForDeploymentPostprocessing = 0;
			shellPath = /bin/sh;
			shellScript = "if which \"${PODS_ROOT}/SwiftLint/swiftlint\" >/dev/null; then \n    \"${PODS_ROOT}/SwiftLint/swiftlint\" \nelse \n    echo \"warning: SwiftLint not installed, download from https://github.com/realm/SwiftLint\" \nfi\n";
		};
/* End PBXShellScriptBuildPhase section */

/* Begin PBXSourcesBuildPhase section */
		C0612B6A24B0FD670066F0B3 /* Sources */ = {
			isa = PBXSourcesBuildPhase;
			buildActionMask = 2147483647;
			files = (
				C0612B7624B0FD670066F0B3 /* ViewController.swift in Sources */,
				C040167924B1D8DD0012AC81 /* Helper.swift in Sources */,
				C06C97DE24CD79610025C8DE /* FavoriteGame.xcdatamodel in Sources */,
				C086446424B99ACF0067CDA4 /* PlatformGame.swift in Sources */,
				C01AA4AF24BB162D008A3801 /* Clip.swift in Sources */,
				C060FE4124C361CE00DF5B6C /* GameDetail.swift in Sources */,
				C0612B7224B0FD670066F0B3 /* AppDelegate.swift in Sources */,
				C040167124B1C5DB0012AC81 /* MainTableViewCell.swift in Sources */,
				C01AA4AA24BB0747008A3801 /* ImageDetailItemCell.swift in Sources */,
				C040167624B1D4F80012AC81 /* Game.swift in Sources */,
				C040167424B1D3520012AC81 /* Games.swift in Sources */,
				C08D1E8024CC85C90079A0F9 /* FavoriteGameProvider.swift in Sources */,
				C086446824BA2B490067CDA4 /* DetailViewController.swift in Sources */,
				C08D1E8224CC9A7D0079A0F9 /* FavListController.swift in Sources */,
				C01AA4AD24BB1616008A3801 /* ShortScreenshot.swift in Sources */,
				C060FE3F24C3589600DF5B6C /* GameModel.swift in Sources */,
				C0612B7424B0FD670066F0B3 /* SceneDelegate.swift in Sources */,
			);
			runOnlyForDeploymentPostprocessing = 0;
		};
		C0612B8024B0FD690066F0B3 /* Sources */ = {
			isa = PBXSourcesBuildPhase;
			buildActionMask = 2147483647;
			files = (
				C0612B8924B0FD690066F0B3 /* Game_CatalogueTests.swift in Sources */,
			);
			runOnlyForDeploymentPostprocessing = 0;
		};
		C0612B8B24B0FD690066F0B3 /* Sources */ = {
			isa = PBXSourcesBuildPhase;
			buildActionMask = 2147483647;
			files = (
				C0612B9424B0FD690066F0B3 /* Game_CatalogueUITests.swift in Sources */,
			);
			runOnlyForDeploymentPostprocessing = 0;
		};
/* End PBXSourcesBuildPhase section */

/* Begin PBXTargetDependency section */
		C0612B8624B0FD690066F0B3 /* PBXTargetDependency */ = {
			isa = PBXTargetDependency;
			target = C0612B6D24B0FD670066F0B3 /* Game Catalogue */;
			targetProxy = C0612B8524B0FD690066F0B3 /* PBXContainerItemProxy */;
		};
		C0612B9124B0FD690066F0B3 /* PBXTargetDependency */ = {
			isa = PBXTargetDependency;
			target = C0612B6D24B0FD670066F0B3 /* Game Catalogue */;
			targetProxy = C0612B9024B0FD690066F0B3 /* PBXContainerItemProxy */;
		};
/* End PBXTargetDependency section */

/* Begin PBXVariantGroup section */
		C0612B7724B0FD670066F0B3 /* Main.storyboard */ = {
			isa = PBXVariantGroup;
			children = (
				C0612B7824B0FD670066F0B3 /* Base */,
			);
			name = Main.storyboard;
			sourceTree = "<group>";
		};
		C0612B7C24B0FD690066F0B3 /* LaunchScreen.storyboard */ = {
			isa = PBXVariantGroup;
			children = (
				C0612B7D24B0FD690066F0B3 /* Base */,
			);
			name = LaunchScreen.storyboard;
			sourceTree = "<group>";
		};
/* End PBXVariantGroup section */

/* Begin XCBuildConfiguration section */
		C0612B9624B0FD690066F0B3 /* Debug */ = {
			isa = XCBuildConfiguration;
			buildSettings = {
				ALWAYS_SEARCH_USER_PATHS = NO;
				CLANG_ANALYZER_NONNULL = YES;
				CLANG_ANALYZER_NUMBER_OBJECT_CONVERSION = YES_AGGRESSIVE;
				CLANG_CXX_LANGUAGE_STANDARD = "gnu++14";
				CLANG_CXX_LIBRARY = "libc++";
				CLANG_ENABLE_MODULES = YES;
				CLANG_ENABLE_OBJC_ARC = YES;
				CLANG_ENABLE_OBJC_WEAK = YES;
				CLANG_WARN_BLOCK_CAPTURE_AUTORELEASING = YES;
				CLANG_WARN_BOOL_CONVERSION = YES;
				CLANG_WARN_COMMA = YES;
				CLANG_WARN_CONSTANT_CONVERSION = YES;
				CLANG_WARN_DEPRECATED_OBJC_IMPLEMENTATIONS = YES;
				CLANG_WARN_DIRECT_OBJC_ISA_USAGE = YES_ERROR;
				CLANG_WARN_DOCUMENTATION_COMMENTS = YES;
				CLANG_WARN_EMPTY_BODY = YES;
				CLANG_WARN_ENUM_CONVERSION = YES;
				CLANG_WARN_INFINITE_RECURSION = YES;
				CLANG_WARN_INT_CONVERSION = YES;
				CLANG_WARN_NON_LITERAL_NULL_CONVERSION = YES;
				CLANG_WARN_OBJC_IMPLICIT_RETAIN_SELF = YES;
				CLANG_WARN_OBJC_LITERAL_CONVERSION = YES;
				CLANG_WARN_OBJC_ROOT_CLASS = YES_ERROR;
				CLANG_WARN_RANGE_LOOP_ANALYSIS = YES;
				CLANG_WARN_STRICT_PROTOTYPES = YES;
				CLANG_WARN_SUSPICIOUS_MOVE = YES;
				CLANG_WARN_UNGUARDED_AVAILABILITY = YES_AGGRESSIVE;
				CLANG_WARN_UNREACHABLE_CODE = YES;
				CLANG_WARN__DUPLICATE_METHOD_MATCH = YES;
				COPY_PHASE_STRIP = NO;
				DEBUG_INFORMATION_FORMAT = dwarf;
				ENABLE_STRICT_OBJC_MSGSEND = YES;
				ENABLE_TESTABILITY = YES;
				GCC_C_LANGUAGE_STANDARD = gnu11;
				GCC_DYNAMIC_NO_PIC = NO;
				GCC_NO_COMMON_BLOCKS = YES;
				GCC_OPTIMIZATION_LEVEL = 0;
				GCC_PREPROCESSOR_DEFINITIONS = (
					"DEBUG=1",
					"$(inherited)",
				);
				GCC_WARN_64_TO_32_BIT_CONVERSION = YES;
				GCC_WARN_ABOUT_RETURN_TYPE = YES_ERROR;
				GCC_WARN_UNDECLARED_SELECTOR = YES;
				GCC_WARN_UNINITIALIZED_AUTOS = YES_AGGRESSIVE;
				GCC_WARN_UNUSED_FUNCTION = YES;
				GCC_WARN_UNUSED_VARIABLE = YES;
				IPHONEOS_DEPLOYMENT_TARGET = 13.5;
				MTL_ENABLE_DEBUG_INFO = INCLUDE_SOURCE;
				MTL_FAST_MATH = YES;
				ONLY_ACTIVE_ARCH = YES;
				SDKROOT = iphoneos;
				SWIFT_ACTIVE_COMPILATION_CONDITIONS = DEBUG;
				SWIFT_OPTIMIZATION_LEVEL = "-Onone";
			};
			name = Debug;
		};
		C0612B9724B0FD690066F0B3 /* Release */ = {
			isa = XCBuildConfiguration;
			buildSettings = {
				ALWAYS_SEARCH_USER_PATHS = NO;
				CLANG_ANALYZER_NONNULL = YES;
				CLANG_ANALYZER_NUMBER_OBJECT_CONVERSION = YES_AGGRESSIVE;
				CLANG_CXX_LANGUAGE_STANDARD = "gnu++14";
				CLANG_CXX_LIBRARY = "libc++";
				CLANG_ENABLE_MODULES = YES;
				CLANG_ENABLE_OBJC_ARC = YES;
				CLANG_ENABLE_OBJC_WEAK = YES;
				CLANG_WARN_BLOCK_CAPTURE_AUTORELEASING = YES;
				CLANG_WARN_BOOL_CONVERSION = YES;
				CLANG_WARN_COMMA = YES;
				CLANG_WARN_CONSTANT_CONVERSION = YES;
				CLANG_WARN_DEPRECATED_OBJC_IMPLEMENTATIONS = YES;
				CLANG_WARN_DIRECT_OBJC_ISA_USAGE = YES_ERROR;
				CLANG_WARN_DOCUMENTATION_COMMENTS = YES;
				CLANG_WARN_EMPTY_BODY = YES;
				CLANG_WARN_ENUM_CONVERSION = YES;
				CLANG_WARN_INFINITE_RECURSION = YES;
				CLANG_WARN_INT_CONVERSION = YES;
				CLANG_WARN_NON_LITERAL_NULL_CONVERSION = YES;
				CLANG_WARN_OBJC_IMPLICIT_RETAIN_SELF = YES;
				CLANG_WARN_OBJC_LITERAL_CONVERSION = YES;
				CLANG_WARN_OBJC_ROOT_CLASS = YES_ERROR;
				CLANG_WARN_RANGE_LOOP_ANALYSIS = YES;
				CLANG_WARN_STRICT_PROTOTYPES = YES;
				CLANG_WARN_SUSPICIOUS_MOVE = YES;
				CLANG_WARN_UNGUARDED_AVAILABILITY = YES_AGGRESSIVE;
				CLANG_WARN_UNREACHABLE_CODE = YES;
				CLANG_WARN__DUPLICATE_METHOD_MATCH = YES;
				COPY_PHASE_STRIP = NO;
				DEBUG_INFORMATION_FORMAT = "dwarf-with-dsym";
				ENABLE_NS_ASSERTIONS = NO;
				ENABLE_STRICT_OBJC_MSGSEND = YES;
				GCC_C_LANGUAGE_STANDARD = gnu11;
				GCC_NO_COMMON_BLOCKS = YES;
				GCC_WARN_64_TO_32_BIT_CONVERSION = YES;
				GCC_WARN_ABOUT_RETURN_TYPE = YES_ERROR;
				GCC_WARN_UNDECLARED_SELECTOR = YES;
				GCC_WARN_UNINITIALIZED_AUTOS = YES_AGGRESSIVE;
				GCC_WARN_UNUSED_FUNCTION = YES;
				GCC_WARN_UNUSED_VARIABLE = YES;
				IPHONEOS_DEPLOYMENT_TARGET = 13.5;
				MTL_ENABLE_DEBUG_INFO = NO;
				MTL_FAST_MATH = YES;
				SDKROOT = iphoneos;
				SWIFT_COMPILATION_MODE = wholemodule;
				SWIFT_OPTIMIZATION_LEVEL = "-O";
				VALIDATE_PRODUCT = YES;
			};
			name = Release;
		};
		C0612B9924B0FD690066F0B3 /* Debug */ = {
			isa = XCBuildConfiguration;
			baseConfigurationReference = 7031A0B1AE9F71CAF66AB7C0 /* Pods-Game Catalogue.debug.xcconfig */;
			buildSettings = {
				ASSETCATALOG_COMPILER_APPICON_NAME = AppIcon;
				CODE_SIGN_STYLE = Automatic;
				INFOPLIST_FILE = "Game Catalogue/Info.plist";
				IPHONEOS_DEPLOYMENT_TARGET = 12.4;
				LD_RUNPATH_SEARCH_PATHS = (
					"$(inherited)",
					"@executable_path/Frameworks",
				);
				PRODUCT_BUNDLE_IDENTIFIER = "com.mikytech.Game-Catalogue";
				PRODUCT_NAME = "$(TARGET_NAME)";
				SWIFT_VERSION = 5.0;
				TARGETED_DEVICE_FAMILY = "1,2";
			};
			name = Debug;
		};
		C0612B9A24B0FD690066F0B3 /* Release */ = {
			isa = XCBuildConfiguration;
			baseConfigurationReference = 722B5B3C17146DB4B88B405D /* Pods-Game Catalogue.release.xcconfig */;
			buildSettings = {
				ASSETCATALOG_COMPILER_APPICON_NAME = AppIcon;
				CODE_SIGN_STYLE = Automatic;
				INFOPLIST_FILE = "Game Catalogue/Info.plist";
				IPHONEOS_DEPLOYMENT_TARGET = 12.4;
				LD_RUNPATH_SEARCH_PATHS = (
					"$(inherited)",
					"@executable_path/Frameworks",
				);
				PRODUCT_BUNDLE_IDENTIFIER = "com.mikytech.Game-Catalogue";
				PRODUCT_NAME = "$(TARGET_NAME)";
				SWIFT_VERSION = 5.0;
				TARGETED_DEVICE_FAMILY = "1,2";
			};
			name = Release;
		};
		C0612B9C24B0FD690066F0B3 /* Debug */ = {
			isa = XCBuildConfiguration;
			buildSettings = {
				ALWAYS_EMBED_SWIFT_STANDARD_LIBRARIES = YES;
				BUNDLE_LOADER = "$(TEST_HOST)";
				CODE_SIGN_STYLE = Automatic;
				INFOPLIST_FILE = "Game CatalogueTests/Info.plist";
				IPHONEOS_DEPLOYMENT_TARGET = 13.5;
				LD_RUNPATH_SEARCH_PATHS = (
					"$(inherited)",
					"@executable_path/Frameworks",
					"@loader_path/Frameworks",
				);
				PRODUCT_BUNDLE_IDENTIFIER = "com.mikytech.Game-CatalogueTests";
				PRODUCT_NAME = "$(TARGET_NAME)";
				SWIFT_VERSION = 5.0;
				TARGETED_DEVICE_FAMILY = "1,2";
				TEST_HOST = "$(BUILT_PRODUCTS_DIR)/Game Catalogue.app/Game Catalogue";
			};
			name = Debug;
		};
		C0612B9D24B0FD690066F0B3 /* Release */ = {
			isa = XCBuildConfiguration;
			buildSettings = {
				ALWAYS_EMBED_SWIFT_STANDARD_LIBRARIES = YES;
				BUNDLE_LOADER = "$(TEST_HOST)";
				CODE_SIGN_STYLE = Automatic;
				INFOPLIST_FILE = "Game CatalogueTests/Info.plist";
				IPHONEOS_DEPLOYMENT_TARGET = 13.5;
				LD_RUNPATH_SEARCH_PATHS = (
					"$(inherited)",
					"@executable_path/Frameworks",
					"@loader_path/Frameworks",
				);
				PRODUCT_BUNDLE_IDENTIFIER = "com.mikytech.Game-CatalogueTests";
				PRODUCT_NAME = "$(TARGET_NAME)";
				SWIFT_VERSION = 5.0;
				TARGETED_DEVICE_FAMILY = "1,2";
				TEST_HOST = "$(BUILT_PRODUCTS_DIR)/Game Catalogue.app/Game Catalogue";
			};
			name = Release;
		};
		C0612B9F24B0FD690066F0B3 /* Debug */ = {
			isa = XCBuildConfiguration;
			buildSettings = {
				ALWAYS_EMBED_SWIFT_STANDARD_LIBRARIES = YES;
				CODE_SIGN_STYLE = Automatic;
				INFOPLIST_FILE = "Game CatalogueUITests/Info.plist";
				LD_RUNPATH_SEARCH_PATHS = (
					"$(inherited)",
					"@executable_path/Frameworks",
					"@loader_path/Frameworks",
				);
				PRODUCT_BUNDLE_IDENTIFIER = "com.mikytech.Game-CatalogueUITests";
				PRODUCT_NAME = "$(TARGET_NAME)";
				SWIFT_VERSION = 5.0;
				TARGETED_DEVICE_FAMILY = "1,2";
				TEST_TARGET_NAME = "Game Catalogue";
			};
			name = Debug;
		};
		C0612BA024B0FD690066F0B3 /* Release */ = {
			isa = XCBuildConfiguration;
			buildSettings = {
				ALWAYS_EMBED_SWIFT_STANDARD_LIBRARIES = YES;
				CODE_SIGN_STYLE = Automatic;
				INFOPLIST_FILE = "Game CatalogueUITests/Info.plist";
				LD_RUNPATH_SEARCH_PATHS = (
					"$(inherited)",
					"@executable_path/Frameworks",
					"@loader_path/Frameworks",
				);
				PRODUCT_BUNDLE_IDENTIFIER = "com.mikytech.Game-CatalogueUITests";
				PRODUCT_NAME = "$(TARGET_NAME)";
				SWIFT_VERSION = 5.0;
				TARGETED_DEVICE_FAMILY = "1,2";
				TEST_TARGET_NAME = "Game Catalogue";
			};
			name = Release;
		};
/* End XCBuildConfiguration section */

/* Begin XCConfigurationList section */
		C0612B6924B0FD670066F0B3 /* Build configuration list for PBXProject "Game Catalogue" */ = {
			isa = XCConfigurationList;
			buildConfigurations = (
				C0612B9624B0FD690066F0B3 /* Debug */,
				C0612B9724B0FD690066F0B3 /* Release */,
			);
			defaultConfigurationIsVisible = 0;
			defaultConfigurationName = Release;
		};
		C0612B9824B0FD690066F0B3 /* Build configuration list for PBXNativeTarget "Game Catalogue" */ = {
			isa = XCConfigurationList;
			buildConfigurations = (
				C0612B9924B0FD690066F0B3 /* Debug */,
				C0612B9A24B0FD690066F0B3 /* Release */,
			);
			defaultConfigurationIsVisible = 0;
			defaultConfigurationName = Release;
		};
		C0612B9B24B0FD690066F0B3 /* Build configuration list for PBXNativeTarget "Game CatalogueTests" */ = {
			isa = XCConfigurationList;
			buildConfigurations = (
				C0612B9C24B0FD690066F0B3 /* Debug */,
				C0612B9D24B0FD690066F0B3 /* Release */,
			);
			defaultConfigurationIsVisible = 0;
			defaultConfigurationName = Release;
		};
		C0612B9E24B0FD690066F0B3 /* Build configuration list for PBXNativeTarget "Game CatalogueUITests" */ = {
			isa = XCConfigurationList;
			buildConfigurations = (
				C0612B9F24B0FD690066F0B3 /* Debug */,
				C0612BA024B0FD690066F0B3 /* Release */,
			);
			defaultConfigurationIsVisible = 0;
			defaultConfigurationName = Release;
		};
/* End XCConfigurationList section */
	};
	rootObject = C0612B6624B0FD670066F0B3 /* Project object */;
}
